
Microsoft Visual Studio Solution File, Format Version 12.00
# Visual Studio Version 16
VisualStudioVersion = 16.0.30320.27
MinimumVisualStudioVersion = 10.0.40219.1
Project("{FAE04EC0-301F-11D3-BF4B-00C04F79EFBC}") = "TravelRecordApp.Android", "TravelRecordApp\TravelRecordApp.Android\TravelRecordApp.Android.csproj", "{CE40F263-86F5-4EEF-BC5A-F3E5DDEDE08B}"
EndProject
Project("{FAE04EC0-301F-11D3-BF4B-00C04F79EFBC}") = "TravelRecordApp.iOS", "TravelRecordApp\TravelRecordApp.iOS\TravelRecordApp.iOS.csproj", "{462921D9-A9B2-46A5-A7B9-54BEBA7B5410}"
EndProject
Project("{FAE04EC0-301F-11D3-BF4B-00C04F79EFBC}") = "TravelRecordApp", "TravelRecordApp\TravelRecordApp\TravelRecordApp.csproj", "{9AF4BBA7-FCF5-4179-A3E5-19DA5CEC7153}"
EndProject
Global
	GlobalSection(SolutionConfigurationPlatforms) = preSolution
		Debug|Any CPU = Debug|Any CPU
		Debug|ARM = Debug|ARM
		Debug|iPhone = Debug|iPhone
		Debug|iPhoneSimulator = Debug|iPhoneSimulator
		Debug|x64 = Debug|x64
		Debug|x86 = Debug|x86
		Release|Any CPU = Release|Any CPU
		Release|ARM = Release|ARM
		Release|iPhone = Release|iPhone
		Release|iPhoneSimulator = Release|iPhoneSimulator
		Release|x64 = Release|x64
		Release|x86 = Release|x86
	EndGlobalSection
	GlobalSection(ProjectConfigurationPlatforms) = postSolution
		{CE40F263-86F5-4EEF-BC5A-F3E5DDEDE08B}.Debug|Any CPU.ActiveCfg = Debug|Any CPU
		{CE40F263-86F5-4EEF-BC5A-F3E5DDEDE08B}.Debug|Any CPU.Build.0 = Debug|Any CPU
		{CE40F263-86F5-4EEF-BC5A-F3E5DDEDE08B}.Debug|Any CPU.Deploy.0 = Debug|Any CPU
		{CE40F263-86F5-4EEF-BC5A-F3E5DDEDE08B}.Debug|ARM.ActiveCfg = Debug|Any CPU
		{CE40F263-86F5-4EEF-BC5A-F3E5DDEDE08B}.Debug|ARM.Build.0 = Debug|Any CPU
		{CE40F263-86F5-4EEF-BC5A-F3E5DDEDE08B}.Debug|ARM.Deploy.0 = Debug|Any CPU
		{CE40F263-86F5-4EEF-BC5A-F3E5DDEDE08B}.Debug|iPhone.ActiveCfg = Debug|Any CPU
		{CE40F263-86F5-4EEF-BC5A-F3E5DDEDE08B}.Debug|iPhone.Build.0 = Debug|Any CPU
		{CE40F263-86F5-4EEF-BC5A-F3E5DDEDE08B}.Debug|iPhone.Deploy.0 = Debug|Any CPU
		{CE40F263-86F5-4EEF-BC5A-F3E5DDEDE08B}.Debug|iPhoneSimulator.ActiveCfg = Debug|Any CPU
		{CE40F263-86F5-4EEF-BC5A-F3E5DDEDE08B}.Debug|iPhoneSimulator.Build.0 = Debug|Any CPU
		{CE40F263-86F5-4EEF-BC5A-F3E5DDEDE08B}.Debug|iPhoneSimulator.Deploy.0 = Debug|Any CPU
		{CE40F263-86F5-4EEF-BC5A-F3E5DDEDE08B}.Debug|x64.ActiveCfg = Debug|Any CPU
		{CE40F263-86F5-4EEF-BC5A-F3E5DDEDE08B}.Debug|x64.Build.0 = Debug|Any CPU
		{CE40F263-86F5-4EEF-BC5A-F3E5DDEDE08B}.Debug|x64.Deploy.0 = Debug|Any CPU
		{CE40F263-86F5-4EEF-BC5A-F3E5DDEDE08B}.Debug|x86.ActiveCfg = Debug|Any CPU
		{CE40F263-86F5-4EEF-BC5A-F3E5DDEDE08B}.Debug|x86.Build.0 = Debug|Any CPU
		{CE40F263-86F5-4EEF-BC5A-F3E5DDEDE08B}.Debug|x86.Deploy.0 = Debug|Any CPU
		{CE40F263-86F5-4EEF-BC5A-F3E5DDEDE08B}.Release|Any CPU.ActiveCfg = Release|Any CPU
		{CE40F263-86F5-4EEF-BC5A-F3E5DDEDE08B}.Release|Any CPU.Build.0 = Release|Any CPU
		{CE40F263-86F5-4EEF-BC5A-F3E5DDEDE08B}.Release|Any CPU.Deploy.0 = Release|Any CPU
		{CE40F263-86F5-4EEF-BC5A-F3E5DDEDE08B}.Release|ARM.ActiveCfg = Release|Any CPU
		{CE40F263-86F5-4EEF-BC5A-F3E5DDEDE08B}.Release|ARM.Build.0 = Release|Any CPU
		{CE40F263-86F5-4EEF-BC5A-F3E5DDEDE08B}.Release|ARM.Deploy.0 = Release|Any CPU
		{CE40F263-86F5-4EEF-BC5A-F3E5DDEDE08B}.Release|iPhone.ActiveCfg = Release|Any CPU
		{CE40F263-86F5-4EEF-BC5A-F3E5DDEDE08B}.Release|iPhone.Build.0 = Release|Any CPU
		{CE40F263-86F5-4EEF-BC5A-F3E5DDEDE08B}.Release|iPhone.Deploy.0 = Release|Any CPU
		{CE40F263-86F5-4EEF-BC5A-F3E5DDEDE08B}.Release|iPhoneSimulator.ActiveCfg = Release|Any CPU
		{CE40F263-86F5-4EEF-BC5A-F3E5DDEDE08B}.Release|iPhoneSimulator.Build.0 = Release|Any CPU
		{CE40F263-86F5-4EEF-BC5A-F3E5DDEDE08B}.Release|iPhoneSimulator.Deploy.0 = Release|Any CPU
		{CE40F263-86F5-4EEF-BC5A-F3E5DDEDE08B}.Release|x64.ActiveCfg = Release|Any CPU
		{CE40F263-86F5-4EEF-BC5A-F3E5DDEDE08B}.Release|x64.Build.0 = Release|Any CPU
		{CE40F263-86F5-4EEF-BC5A-F3E5DDEDE08B}.Release|x64.Deploy.0 = Release|Any CPU
		{CE40F263-86F5-4EEF-BC5A-F3E5DDEDE08B}.Release|x86.ActiveCfg = Release|Any CPU
		{CE40F263-86F5-4EEF-BC5A-F3E5DDEDE08B}.Release|x86.Build.0 = Release|Any CPU
		{CE40F263-86F5-4EEF-BC5A-F3E5DDEDE08B}.Release|x86.Deploy.0 = Release|Any CPU
		{462921D9-A9B2-46A5-A7B9-54BEBA7B5410}.Debug|Any CPU.ActiveCfg = Debug|iPhone
		{462921D9-A9B2-46A5-A7B9-54BEBA7B5410}.Debug|Any CPU.Build.0 = Debug|iPhone
		{462921D9-A9B2-46A5-A7B9-54BEBA7B5410}.Debug|Any CPU.Deploy.0 = Debug|iPhone
		{462921D9-A9B2-46A5-A7B9-54BEBA7B5410}.Debug|ARM.ActiveCfg = Debug|iPhone
		{462921D9-A9B2-46A5-A7B9-54BEBA7B5410}.Debug|ARM.Build.0 = Debug|iPhone
		{462921D9-A9B2-46A5-A7B9-54BEBA7B5410}.Debug|ARM.Deploy.0 = Debug|iPhone
		{462921D9-A9B2-46A5-A7B9-54BEBA7B5410}.Debug|iPhone.ActiveCfg = Debug|iPhone
		{462921D9-A9B2-46A5-A7B9-54BEBA7B5410}.Debug|iPhone.Build.0 = Debug|iPhone
		{462921D9-A9B2-46A5-A7B9-54BEBA7B5410}.Debug|iPhone.Deploy.0 = Debug|iPhone
		{462921D9-A9B2-46A5-A7B9-54BEBA7B5410}.Debug|iPhoneSimulator.ActiveCfg = Debug|iPhoneSimulator
		{462921D9-A9B2-46A5-A7B9-54BEBA7B5410}.Debug|iPhoneSimulator.Build.0 = Debug|iPhoneSimulator
		{462921D9-A9B2-46A5-A7B9-54BEBA7B5410}.Debug|iPhoneSimulator.Deploy.0 = Debug|iPhoneSimulator
		{462921D9-A9B2-46A5-A7B9-54BEBA7B5410}.Debug|x64.ActiveCfg = Debug|iPhone
		{462921D9-A9B2-46A5-A7B9-54BEBA7B5410}.Debug|x64.Build.0 = Debug|iPhone
		{462921D9-A9B2-46A5-A7B9-54BEBA7B5410}.Debug|x64.Deploy.0 = Debug|iPhone
		{462921D9-A9B2-46A5-A7B9-54BEBA7B5410}.Debug|x86.ActiveCfg = Debug|iPhone
		{462921D9-A9B2-46A5-A7B9-54BEBA7B5410}.Debug|x86.Build.0 = Debug|iPhone
		{462921D9-A9B2-46A5-A7B9-54BEBA7B5410}.Debug|x86.Deploy.0 = Debug|iPhone
		{462921D9-A9B2-46A5-A7B9-54BEBA7B5410}.Release|Any CPU.ActiveCfg = Release|iPhone
		{462921D9-A9B2-46A5-A7B9-54BEBA7B5410}.Release|Any CPU.Build.0 = Release|iPhone
		{462921D9-A9B2-46A5-A7B9-54BEBA7B5410}.Release|Any CPU.Deploy.0 = Release|iPhone
		{462921D9-A9B2-46A5-A7B9-54BEBA7B5410}.Release|ARM.ActiveCfg = Release|iPhone
		{462921D9-A9B2-46A5-A7B9-54BEBA7B5410}.Release|ARM.Build.0 = Release|iPhone
		{462921D9-A9B2-46A5-A7B9-54BEBA7B5410}.Release|ARM.Deploy.0 = Release|iPhone
		{462921D9-A9B2-46A5-A7B9-54BEBA7B5410}.Release|iPhone.ActiveCfg = Release|iPhone
		{462921D9-A9B2-46A5-A7B9-54BEBA7B5410}.Release|iPhone.Build.0 = Release|iPhone
		{462921D9-A9B2-46A5-A7B9-54BEBA7B5410}.Release|iPhone.Deploy.0 = Release|iPhone
		{462921D9-A9B2-46A5-A7B9-54BEBA7B5410}.Release|iPhoneSimulator.ActiveCfg = Release|iPhoneSimulator
		{462921D9-A9B2-46A5-A7B9-54BEBA7B5410}.Release|iPhoneSimulator.Build.0 = Release|iPhoneSimulator
		{462921D9-A9B2-46A5-A7B9-54BEBA7B5410}.Release|iPhoneSimulator.Deploy.0 = Release|iPhoneSimulator
		{462921D9-A9B2-46A5-A7B9-54BEBA7B5410}.Release|x64.ActiveCfg = Release|iPhone
		{462921D9-A9B2-46A5-A7B9-54BEBA7B5410}.Release|x64.Build.0 = Release|iPhone
		{462921D9-A9B2-46A5-A7B9-54BEBA7B5410}.Release|x64.Deploy.0 = Release|iPhone
		{462921D9-A9B2-46A5-A7B9-54BEBA7B5410}.Release|x86.ActiveCfg = Release|iPhone
		{462921D9-A9B2-46A5-A7B9-54BEBA7B5410}.Release|x86.Build.0 = Release|iPhone
		{462921D9-A9B2-46A5-A7B9-54BEBA7B5410}.Release|x86.Deploy.0 = Release|iPhone
		{9AF4BBA7-FCF5-4179-A3E5-19DA5CEC7153}.Debug|Any CPU.ActiveCfg = Debug|Any CPU
		{9AF4BBA7-FCF5-4179-A3E5-19DA5CEC7153}.Debug|Any CPU.Build.0 = Debug|Any CPU
		{9AF4BBA7-FCF5-4179-A3E5-19DA5CEC7153}.Debug|Any CPU.Deploy.0 = Debug|Any CPU
		{9AF4BBA7-FCF5-4179-A3E5-19DA5CEC7153}.Debug|ARM.ActiveCfg = Debug|Any CPU
		{9AF4BBA7-FCF5-4179-A3E5-19DA5CEC7153}.Debug|ARM.Build.0 = Debug|Any CPU
		{9AF4BBA7-FCF5-4179-A3E5-19DA5CEC7153}.Debug|ARM.Deploy.0 = Debug|Any CPU
		{9AF4BBA7-FCF5-4179-A3E5-19DA5CEC7153}.Debug|iPhone.ActiveCfg = Debug|Any CPU
		{9AF4BBA7-FCF5-4179-A3E5-19DA5CEC7153}.Debug|iPhone.Build.0 = Debug|Any CPU
		{9AF4BBA7-FCF5-4179-A3E5-19DA5CEC7153}.Debug|iPhone.Deploy.0 = Debug|Any CPU
		{9AF4BBA7-FCF5-4179-A3E5-19DA5CEC7153}.Debug|iPhoneSimulator.ActiveCfg = Debug|Any CPU
		{9AF4BBA7-FCF5-4179-A3E5-19DA5CEC7153}.Debug|iPhoneSimulator.Build.0 = Debug|Any CPU
		{9AF4BBA7-FCF5-4179-A3E5-19DA5CEC7153}.Debug|iPhoneSimulator.Deploy.0 = Debug|Any CPU
		{9AF4BBA7-FCF5-4179-A3E5-19DA5CEC7153}.Debug|x64.ActiveCfg = Debug|Any CPU
		{9AF4BBA7-FCF5-4179-A3E5-19DA5CEC7153}.Debug|x64.Build.0 = Debug|Any CPU
		{9AF4BBA7-FCF5-4179-A3E5-19DA5CEC7153}.Debug|x64.Deploy.0 = Debug|Any CPU
		{9AF4BBA7-FCF5-4179-A3E5-19DA5CEC7153}.Debug|x86.ActiveCfg = Debug|Any CPU
		{9AF4BBA7-FCF5-4179-A3E5-19DA5CEC7153}.Debug|x86.Build.0 = Debug|Any CPU
		{9AF4BBA7-FCF5-4179-A3E5-19DA5CEC7153}.Debug|x86.Deploy.0 = Debug|Any CPU
		{9AF4BBA7-FCF5-4179-A3E5-19DA5CEC7153}.Release|Any CPU.ActiveCfg = Release|Any CPU
		{9AF4BBA7-FCF5-4179-A3E5-19DA5CEC7153}.Release|Any CPU.Build.0 = Release|Any CPU
		{9AF4BBA7-FCF5-4179-A3E5-19DA5CEC7153}.Release|Any CPU.Deploy.0 = Release|Any CPU
		{9AF4BBA7-FCF5-4179-A3E5-19DA5CEC7153}.Release|ARM.ActiveCfg = Release|Any CPU
		{9AF4BBA7-FCF5-4179-A3E5-19DA5CEC7153}.Release|ARM.Build.0 = Release|Any CPU
		{9AF4BBA7-FCF5-4179-A3E5-19DA5CEC7153}.Release|ARM.Deploy.0 = Release|Any CPU
		{9AF4BBA7-FCF5-4179-A3E5-19DA5CEC7153}.Release|iPhone.ActiveCfg = Release|Any CPU
		{9AF4BBA7-FCF5-4179-A3E5-19DA5CEC7153}.Release|iPhone.Build.0 = Release|Any CPU
		{9AF4BBA7-FCF5-4179-A3E5-19DA5CEC7153}.Release|iPhone.Deploy.0 = Release|Any CPU
		{9AF4BBA7-FCF5-4179-A3E5-19DA5CEC7153}.Release|iPhoneSimulator.ActiveCfg = Release|Any CPU
		{9AF4BBA7-FCF5-4179-A3E5-19DA5CEC7153}.Release|iPhoneSimulator.Build.0 = Release|Any CPU
		{9AF4BBA7-FCF5-4179-A3E5-19DA5CEC7153}.Release|iPhoneSimulator.Deploy.0 = Release|Any CPU
		{9AF4BBA7-FCF5-4179-A3E5-19DA5CEC7153}.Release|x64.ActiveCfg = Release|Any CPU
		{9AF4BBA7-FCF5-4179-A3E5-19DA5CEC7153}.Release|x64.Build.0 = Release|Any CPU
		{9AF4BBA7-FCF5-4179-A3E5-19DA5CEC7153}.Release|x64.Deploy.0 = Release|Any CPU
		{9AF4BBA7-FCF5-4179-A3E5-19DA5CEC7153}.Release|x86.ActiveCfg = Release|Any CPU
		{9AF4BBA7-FCF5-4179-A3E5-19DA5CEC7153}.Release|x86.Build.0 = Release|Any CPU
		{9AF4BBA7-FCF5-4179-A3E5-19DA5CEC7153}.Release|x86.Deploy.0 = Release|Any CPU
	EndGlobalSection
	GlobalSection(SolutionProperties) = preSolution
		HideSolutionNode = FALSE
	EndGlobalSection
	GlobalSection(ExtensibilityGlobals) = postSolution
		SolutionGuid = {791CE769-70DB-41FE-9F2F-5602FA65159C}
	EndGlobalSection
EndGlobal
