
Microsoft Visual Studio Solution File, Format Version 12.00
# Visual Studio Version 16
VisualStudioVersion = 16.0.30320.27
MinimumVisualStudioVersion = 10.0.40219.1
Project("{FAE04EC0-301F-11D3-BF4B-00C04F79EFBC}") = "FirstWeb", "FirstWeb\FirstWeb.csproj", "{03EBAAB1-1B15-49AF-B453-0755FA5B6AAA}"
EndProject
Global
	GlobalSection(SolutionConfigurationPlatforms) = preSolution
		Debug|Any CPU = Debug|Any CPU
		Release|Any CPU = Release|Any CPU
	EndGlobalSection
	GlobalSection(ProjectConfigurationPlatforms) = postSolution
		{03EBAAB1-1B15-49AF-B453-0755FA5B6AAA}.Debug|Any CPU.ActiveCfg = Debug|Any CPU
		{03EBAAB1-1B15-49AF-B453-0755FA5B6AAA}.Debug|Any CPU.Build.0 = Debug|Any CPU
		{03EBAAB1-1B15-49AF-B453-0755FA5B6AAA}.Release|Any CPU.ActiveCfg = Release|Any CPU
		{03EBAAB1-1B15-49AF-B453-0755FA5B6AAA}.Release|Any CPU.Build.0 = Release|Any CPU
	EndGlobalSection
	GlobalSection(SolutionProperties) = preSolution
		HideSolutionNode = FALSE
	EndGlobalSection
	GlobalSection(ExtensibilityGlobals) = postSolution
		SolutionGuid = {08E0DD5D-1209-4C6F-9852-2E5670AE12B6}
	EndGlobalSection
EndGlobal
