
Microsoft Visual Studio Solution File, Format Version 12.00
# Visual Studio Version 16
VisualStudioVersion = 16.0.30320.27
MinimumVisualStudioVersion = 10.0.40219.1
Project("{FAE04EC0-301F-11D3-BF4B-00C04F79EFBC}") = "Pass_Data_OneForm_ToOther", "Pass_Data_OneForm_ToOther\Pass_Data_OneForm_ToOther.csproj", "{7074D2A8-B9B8-4269-96F7-95CF445AD78F}"
EndProject
Global
	GlobalSection(SolutionConfigurationPlatforms) = preSolution
		Debug|Any CPU = Debug|Any CPU
		Release|Any CPU = Release|Any CPU
	EndGlobalSection
	GlobalSection(ProjectConfigurationPlatforms) = postSolution
		{7074D2A8-B9B8-4269-96F7-95CF445AD78F}.Debug|Any CPU.ActiveCfg = Debug|Any CPU
		{7074D2A8-B9B8-4269-96F7-95CF445AD78F}.Debug|Any CPU.Build.0 = Debug|Any CPU
		{7074D2A8-B9B8-4269-96F7-95CF445AD78F}.Release|Any CPU.ActiveCfg = Release|Any CPU
		{7074D2A8-B9B8-4269-96F7-95CF445AD78F}.Release|Any CPU.Build.0 = Release|Any CPU
	EndGlobalSection
	GlobalSection(SolutionProperties) = preSolution
		HideSolutionNode = FALSE
	EndGlobalSection
	GlobalSection(ExtensibilityGlobals) = postSolution
		SolutionGuid = {8B676C04-EBF1-48C1-A7D9-35016D45FFA9}
	EndGlobalSection
EndGlobal
