
Microsoft Visual Studio Solution File, Format Version 12.00
# Visual Studio Version 16
VisualStudioVersion = 16.0.31321.278
MinimumVisualStudioVersion = 10.0.40219.1
Project("{FAE04EC0-301F-11D3-BF4B-00C04F79EFBC}") = "FormConnectivity", "FormConnectivity\FormConnectivity.csproj", "{A403B3AA-4208-4C3D-A2C0-F200BDA6A418}"
EndProject
Global
	GlobalSection(SolutionConfigurationPlatforms) = preSolution
		Debug|Any CPU = Debug|Any CPU
		Release|Any CPU = Release|Any CPU
	EndGlobalSection
	GlobalSection(ProjectConfigurationPlatforms) = postSolution
		{A403B3AA-4208-4C3D-A2C0-F200BDA6A418}.Debug|Any CPU.ActiveCfg = Debug|Any CPU
		{A403B3AA-4208-4C3D-A2C0-F200BDA6A418}.Debug|Any CPU.Build.0 = Debug|Any CPU
		{A403B3AA-4208-4C3D-A2C0-F200BDA6A418}.Release|Any CPU.ActiveCfg = Release|Any CPU
		{A403B3AA-4208-4C3D-A2C0-F200BDA6A418}.Release|Any CPU.Build.0 = Release|Any CPU
	EndGlobalSection
	GlobalSection(SolutionProperties) = preSolution
		HideSolutionNode = FALSE
	EndGlobalSection
	GlobalSection(ExtensibilityGlobals) = postSolution
		SolutionGuid = {8092BE3E-702B-4C1F-A960-054326B21696}
	EndGlobalSection
EndGlobal
