
Microsoft Visual Studio Solution File, Format Version 12.00
# Visual Studio Version 16
VisualStudioVersion = 16.0.30320.27
MinimumVisualStudioVersion = 10.0.40219.1
Project("{FAE04EC0-301F-11D3-BF4B-00C04F79EFBC}") = "SMSTOMOBILE", "SMSTOMOBILE\SMSTOMOBILE.csproj", "{3F7BBFB0-0355-45F1-A4DF-2DEFC38F3286}"
EndProject
Global
	GlobalSection(SolutionConfigurationPlatforms) = preSolution
		Debug|Any CPU = Debug|Any CPU
		Release|Any CPU = Release|Any CPU
	EndGlobalSection
	GlobalSection(ProjectConfigurationPlatforms) = postSolution
		{3F7BBFB0-0355-45F1-A4DF-2DEFC38F3286}.Debug|Any CPU.ActiveCfg = Debug|Any CPU
		{3F7BBFB0-0355-45F1-A4DF-2DEFC38F3286}.Debug|Any CPU.Build.0 = Debug|Any CPU
		{3F7BBFB0-0355-45F1-A4DF-2DEFC38F3286}.Release|Any CPU.ActiveCfg = Release|Any CPU
		{3F7BBFB0-0355-45F1-A4DF-2DEFC38F3286}.Release|Any CPU.Build.0 = Release|Any CPU
	EndGlobalSection
	GlobalSection(SolutionProperties) = preSolution
		HideSolutionNode = FALSE
	EndGlobalSection
	GlobalSection(ExtensibilityGlobals) = postSolution
		SolutionGuid = {0BCCF9E9-C4B3-4E4C-A0A3-8A1DB07ACEB3}
	EndGlobalSection
EndGlobal
