
Microsoft Visual Studio Solution File, Format Version 12.00
# Visual Studio Version 16
VisualStudioVersion = 16.0.30320.27
MinimumVisualStudioVersion = 10.0.40219.1
Project("{FAE04EC0-301F-11D3-BF4B-00C04F79EFBC}") = "WindowsFormsApp7", "WindowsFormsApp7\WindowsFormsApp7.csproj", "{A9EF8774-7E60-4B03-A1C7-870B2EDBBE4B}"
EndProject
Global
	GlobalSection(SolutionConfigurationPlatforms) = preSolution
		Debug|Any CPU = Debug|Any CPU
		Release|Any CPU = Release|Any CPU
	EndGlobalSection
	GlobalSection(ProjectConfigurationPlatforms) = postSolution
		{A9EF8774-7E60-4B03-A1C7-870B2EDBBE4B}.Debug|Any CPU.ActiveCfg = Debug|Any CPU
		{A9EF8774-7E60-4B03-A1C7-870B2EDBBE4B}.Debug|Any CPU.Build.0 = Debug|Any CPU
		{A9EF8774-7E60-4B03-A1C7-870B2EDBBE4B}.Release|Any CPU.ActiveCfg = Release|Any CPU
		{A9EF8774-7E60-4B03-A1C7-870B2EDBBE4B}.Release|Any CPU.Build.0 = Release|Any CPU
	EndGlobalSection
	GlobalSection(SolutionProperties) = preSolution
		HideSolutionNode = FALSE
	EndGlobalSection
	GlobalSection(ExtensibilityGlobals) = postSolution
		SolutionGuid = {3D9E23AC-ACA0-468B-91F2-89EDC0066F03}
	EndGlobalSection
EndGlobal
