
Microsoft Visual Studio Solution File, Format Version 12.00
# Visual Studio Version 16
VisualStudioVersion = 16.0.30320.27
MinimumVisualStudioVersion = 10.0.40219.1
Project("{FAE04EC0-301F-11D3-BF4B-00C04F79EFBC}") = "DataGridView1", "DataGridView1\DataGridView1.csproj", "{67914542-E471-43AE-9236-85B4AC12E7C0}"
EndProject
Global
	GlobalSection(SolutionConfigurationPlatforms) = preSolution
		Debug|Any CPU = Debug|Any CPU
		Release|Any CPU = Release|Any CPU
	EndGlobalSection
	GlobalSection(ProjectConfigurationPlatforms) = postSolution
		{67914542-E471-43AE-9236-85B4AC12E7C0}.Debug|Any CPU.ActiveCfg = Debug|Any CPU
		{67914542-E471-43AE-9236-85B4AC12E7C0}.Debug|Any CPU.Build.0 = Debug|Any CPU
		{67914542-E471-43AE-9236-85B4AC12E7C0}.Release|Any CPU.ActiveCfg = Release|Any CPU
		{67914542-E471-43AE-9236-85B4AC12E7C0}.Release|Any CPU.Build.0 = Release|Any CPU
	EndGlobalSection
	GlobalSection(SolutionProperties) = preSolution
		HideSolutionNode = FALSE
	EndGlobalSection
	GlobalSection(ExtensibilityGlobals) = postSolution
		SolutionGuid = {21589A53-F590-4D8B-A625-5950D8F59910}
	EndGlobalSection
EndGlobal
