
Microsoft Visual Studio Solution File, Format Version 12.00
# Visual Studio Version 16
VisualStudioVersion = 16.0.31321.278
MinimumVisualStudioVersion = 10.0.40219.1
Project("{FAE04EC0-301F-11D3-BF4B-00C04F79EFBC}") = "deServico", "deServico\deServico.csproj", "{C253035E-5184-4407-B700-AE5A39424815}"
EndProject
Global
	GlobalSection(SolutionConfigurationPlatforms) = preSolution
		Debug|Any CPU = Debug|Any CPU
		Release|Any CPU = Release|Any CPU
	EndGlobalSection
	GlobalSection(ProjectConfigurationPlatforms) = postSolution
		{C253035E-5184-4407-B700-AE5A39424815}.Debug|Any CPU.ActiveCfg = Debug|Any CPU
		{C253035E-5184-4407-B700-AE5A39424815}.Debug|Any CPU.Build.0 = Debug|Any CPU
		{C253035E-5184-4407-B700-AE5A39424815}.Release|Any CPU.ActiveCfg = Release|Any CPU
		{C253035E-5184-4407-B700-AE5A39424815}.Release|Any CPU.Build.0 = Release|Any CPU
	EndGlobalSection
	GlobalSection(SolutionProperties) = preSolution
		HideSolutionNode = FALSE
	EndGlobalSection
	GlobalSection(ExtensibilityGlobals) = postSolution
		SolutionGuid = {584551AC-4306-411D-8DB6-2948F8C5DB1A}
	EndGlobalSection
EndGlobal
