
Microsoft Visual Studio Solution File, Format Version 12.00
# Visual Studio Version 16
VisualStudioVersion = 16.0.30011.22
MinimumVisualStudioVersion = 10.0.40219.1
Project("{FAE04EC0-301F-11D3-BF4B-00C04F79EFBC}") = "My_First_CS_Pro", "My_First_CS_Pro\My_First_CS_Pro.csproj", "{4EBA0D38-9CEB-49C7-9460-2C8E3DB1789F}"
EndProject
Global
	GlobalSection(SolutionConfigurationPlatforms) = preSolution
		Debug|Any CPU = Debug|Any CPU
		Release|Any CPU = Release|Any CPU
	EndGlobalSection
	GlobalSection(ProjectConfigurationPlatforms) = postSolution
		{4EBA0D38-9CEB-49C7-9460-2C8E3DB1789F}.Debug|Any CPU.ActiveCfg = Debug|Any CPU
		{4EBA0D38-9CEB-49C7-9460-2C8E3DB1789F}.Debug|Any CPU.Build.0 = Debug|Any CPU
		{4EBA0D38-9CEB-49C7-9460-2C8E3DB1789F}.Release|Any CPU.ActiveCfg = Release|Any CPU
		{4EBA0D38-9CEB-49C7-9460-2C8E3DB1789F}.Release|Any CPU.Build.0 = Release|Any CPU
	EndGlobalSection
	GlobalSection(SolutionProperties) = preSolution
		HideSolutionNode = FALSE
	EndGlobalSection
	GlobalSection(ExtensibilityGlobals) = postSolution
		SolutionGuid = {7CA2165D-9869-4F7C-8552-3E83DAFD16AC}
	EndGlobalSection
EndGlobal
