
Microsoft Visual Studio Solution File, Format Version 12.00
# Visual Studio Version 16
VisualStudioVersion = 16.0.31321.278
MinimumVisualStudioVersion = 10.0.40219.1
Project("{FAE04EC0-301F-11D3-BF4B-00C04F79EFBC}") = "AdminPanelAssign", "AssignmentWeb\AdminPanelAssign.csproj", "{19BC7A17-4A9B-4DBA-B01E-964212596C17}"
EndProject
Global
	GlobalSection(SolutionConfigurationPlatforms) = preSolution
		Debug|Any CPU = Debug|Any CPU
		Release|Any CPU = Release|Any CPU
	EndGlobalSection
	GlobalSection(ProjectConfigurationPlatforms) = postSolution
		{19BC7A17-4A9B-4DBA-B01E-964212596C17}.Debug|Any CPU.ActiveCfg = Debug|Any CPU
		{19BC7A17-4A9B-4DBA-B01E-964212596C17}.Debug|Any CPU.Build.0 = Debug|Any CPU
		{19BC7A17-4A9B-4DBA-B01E-964212596C17}.Release|Any CPU.ActiveCfg = Release|Any CPU
		{19BC7A17-4A9B-4DBA-B01E-964212596C17}.Release|Any CPU.Build.0 = Release|Any CPU
	EndGlobalSection
	GlobalSection(SolutionProperties) = preSolution
		HideSolutionNode = FALSE
	EndGlobalSection
	GlobalSection(ExtensibilityGlobals) = postSolution
		SolutionGuid = {6B08E4D5-E089-4FBE-B7F4-2D38B72AD2CD}
	EndGlobalSection
EndGlobal
