
Microsoft Visual Studio Solution File, Format Version 12.00
# Visual Studio Version 16
VisualStudioVersion = 16.0.30320.27
MinimumVisualStudioVersion = 10.0.40219.1
Project("{FAE04EC0-301F-11D3-BF4B-00C04F79EFBC}") = "ConsoleApp4", "ConsoleApp4\ConsoleApp4.csproj", "{B8FDE36E-DBC2-404E-94C3-EBA151178231}"
EndProject
Global
	GlobalSection(SolutionConfigurationPlatforms) = preSolution
		Debug|Any CPU = Debug|Any CPU
		Release|Any CPU = Release|Any CPU
	EndGlobalSection
	GlobalSection(ProjectConfigurationPlatforms) = postSolution
		{B8FDE36E-DBC2-404E-94C3-EBA151178231}.Debug|Any CPU.ActiveCfg = Debug|Any CPU
		{B8FDE36E-DBC2-404E-94C3-EBA151178231}.Debug|Any CPU.Build.0 = Debug|Any CPU
		{B8FDE36E-DBC2-404E-94C3-EBA151178231}.Release|Any CPU.ActiveCfg = Release|Any CPU
		{B8FDE36E-DBC2-404E-94C3-EBA151178231}.Release|Any CPU.Build.0 = Release|Any CPU
	EndGlobalSection
	GlobalSection(SolutionProperties) = preSolution
		HideSolutionNode = FALSE
	EndGlobalSection
	GlobalSection(ExtensibilityGlobals) = postSolution
		SolutionGuid = {6CB8DC0D-AF6A-49FE-87D6-865B8C445E36}
	EndGlobalSection
EndGlobal
